
Microsoft Visual Studio Solution File, Format Version 12.00
# Visual Studio Version 17
VisualStudioVersion = 17.3.32819.101
MinimumVisualStudioVersion = 10.0.40219.1
Project("{9A19103F-16F7-4668-BE54-9A1E7A4F7556}") = "Opc.Ua.Cloud.Library.Client", "Opc.Ua.Cloud.Library.Client\Opc.Ua.Cloud.Library.Client.csproj", "{CD9FD6B8-CB54-4F15-B557-C93D74ECF5F1}"
EndProject
Project("{9A19103F-16F7-4668-BE54-9A1E7A4F7556}") = "CESMII.Common.CloudLibClient", "CESMII.Common.CloudLibClient\CESMII.Common.CloudLibClient.csproj", "{D183E8AD-71A4-436E-AE9E-2EB22A445C9A}"
EndProject
Project("{9A19103F-16F7-4668-BE54-9A1E7A4F7556}") = "CESMII.Common.SelfServiceSignUp", "CESMII.Common.SelfServiceSignUp\CESMII.Common.SelfServiceSignUp.csproj", "{1C6E2FB8-91B1-4DFF-873A-0DCDF53AC416}"
EndProject
Global
	GlobalSection(SolutionConfigurationPlatforms) = preSolution
		Debug|Any CPU = Debug|Any CPU
		Release|Any CPU = Release|Any CPU
	EndGlobalSection
	GlobalSection(ProjectConfigurationPlatforms) = postSolution
		{CD9FD6B8-CB54-4F15-B557-C93D74ECF5F1}.Debug|Any CPU.ActiveCfg = Debug|Any CPU
		{CD9FD6B8-CB54-4F15-B557-C93D74ECF5F1}.Debug|Any CPU.Build.0 = Debug|Any CPU
		{CD9FD6B8-CB54-4F15-B557-C93D74ECF5F1}.Release|Any CPU.ActiveCfg = Release|Any CPU
		{CD9FD6B8-CB54-4F15-B557-C93D74ECF5F1}.Release|Any CPU.Build.0 = Release|Any CPU
		{D183E8AD-71A4-436E-AE9E-2EB22A445C9A}.Debug|Any CPU.ActiveCfg = Debug|Any CPU
		{D183E8AD-71A4-436E-AE9E-2EB22A445C9A}.Debug|Any CPU.Build.0 = Debug|Any CPU
		{D183E8AD-71A4-436E-AE9E-2EB22A445C9A}.Release|Any CPU.ActiveCfg = Release|Any CPU
		{D183E8AD-71A4-436E-AE9E-2EB22A445C9A}.Release|Any CPU.Build.0 = Release|Any CPU
		{1C6E2FB8-91B1-4DFF-873A-0DCDF53AC416}.Debug|Any CPU.ActiveCfg = Debug|Any CPU
		{1C6E2FB8-91B1-4DFF-873A-0DCDF53AC416}.Debug|Any CPU.Build.0 = Debug|Any CPU
		{1C6E2FB8-91B1-4DFF-873A-0DCDF53AC416}.Release|Any CPU.ActiveCfg = Release|Any CPU
		{1C6E2FB8-91B1-4DFF-873A-0DCDF53AC416}.Release|Any CPU.Build.0 = Release|Any CPU
	EndGlobalSection
	GlobalSection(SolutionProperties) = preSolution
		HideSolutionNode = FALSE
	EndGlobalSection
	GlobalSection(ExtensibilityGlobals) = postSolution
		SolutionGuid = {0C6D16B1-C602-4AC9-B97C-53E0049A1647}
	EndGlobalSection
EndGlobal
